
Microsoft Visual Studio Solution File, Format Version 12.00
# Visual Studio 15
VisualStudioVersion = 15.0.28307.271
MinimumVisualStudioVersion = 10.0.40219.1
Project("{FAE04EC0-301F-11D3-BF4B-00C04F79EFBC}") = "csvTranslationMapper", "csvTranslationMapper.csproj", "{C302CAD9-24F1-4B20-9027-331AC1B3C88A}"
EndProject
Global
	GlobalSection(SolutionConfigurationPlatforms) = preSolution
		Debug|Any CPU = Debug|Any CPU
		Release|Any CPU = Release|Any CPU
	EndGlobalSection
	GlobalSection(ProjectConfigurationPlatforms) = postSolution
		{C302CAD9-24F1-4B20-9027-331AC1B3C88A}.Debug|Any CPU.ActiveCfg = Debug|Any CPU
		{C302CAD9-24F1-4B20-9027-331AC1B3C88A}.Debug|Any CPU.Build.0 = Debug|Any CPU
		{C302CAD9-24F1-4B20-9027-331AC1B3C88A}.Release|Any CPU.ActiveCfg = Release|Any CPU
		{C302CAD9-24F1-4B20-9027-331AC1B3C88A}.Release|Any CPU.Build.0 = Release|Any CPU
	EndGlobalSection
	GlobalSection(SolutionProperties) = preSolution
		HideSolutionNode = FALSE
	EndGlobalSection
	GlobalSection(ExtensibilityGlobals) = postSolution
		SolutionGuid = {C6987D4C-C710-44D8-9345-ABB1A1294FF9}
	EndGlobalSection
EndGlobal
